
Microsoft Visual Studio Solution File, Format Version 12.00
# Visual Studio Version 17
VisualStudioVersion = 17.7.34221.43
MinimumVisualStudioVersion = 10.0.40219.1
Project("{9A19103F-16F7-4668-BE54-9A1E7A4F7556}") = "AnimeGANv2_Onnx_Sharp", "AnimeGANv2_Onnx_Sharp.csproj", "{4045457D-FE50-4955-B050-EDB11671A21C}"
EndProject
Global
	GlobalSection(SolutionConfigurationPlatforms) = preSolution
		Debug|Any CPU = Debug|Any CPU
		Release|Any CPU = Release|Any CPU
	EndGlobalSection
	GlobalSection(ProjectConfigurationPlatforms) = postSolution
		{4045457D-FE50-4955-B050-EDB11671A21C}.Debug|Any CPU.ActiveCfg = Debug|Any CPU
		{4045457D-FE50-4955-B050-EDB11671A21C}.Debug|Any CPU.Build.0 = Debug|Any CPU
		{4045457D-FE50-4955-B050-EDB11671A21C}.Release|Any CPU.ActiveCfg = Release|Any CPU
		{4045457D-FE50-4955-B050-EDB11671A21C}.Release|Any CPU.Build.0 = Release|Any CPU
	EndGlobalSection
	GlobalSection(SolutionProperties) = preSolution
		HideSolutionNode = FALSE
	EndGlobalSection
	GlobalSection(ExtensibilityGlobals) = postSolution
		SolutionGuid = {02A37469-4247-4C78-AE1B-8AD5EA9F8D97}
	EndGlobalSection
EndGlobal
